
Microsoft Visual Studio Solution File, Format Version 12.00
# Visual Studio Version 16
VisualStudioVersion = 16.0.30711.63
MinimumVisualStudioVersion = 10.0.40219.1
Project("{FAE04EC0-301F-11D3-BF4B-00C04F79EFBC}") = "adjuster", "adjuster\adjuster.csproj", "{06FEE513-E2AA-47F8-B0E3-FE9C25F349E9}"
EndProject
Project("{FAE04EC0-301F-11D3-BF4B-00C04F79EFBC}") = "adjuster.Tests", "adjuster.Tests\adjuster.Tests.csproj", "{6EFA7A28-2EB1-491A-B230-688FAA32EBEC}"
EndProject
Global
	GlobalSection(SolutionProperties) = preSolution
		HideSolutionNode = FALSE
	EndGlobalSection
	GlobalSection(ExtensibilityGlobals) = postSolution
		SolutionGuid = {8AFF8004-BBA7-4844-B710-1D3E42A4698B}
	EndGlobalSection
	GlobalSection(SolutionConfigurationPlatforms) = preSolution
		Debug|Any CPU = Debug|Any CPU
		Debug|x64 = Debug|x64
		Debug|x86 = Debug|x86
		Release|Any CPU = Release|Any CPU
		Release|x64 = Release|x64
		Release|x86 = Release|x86
	EndGlobalSection
	GlobalSection(ProjectConfigurationPlatforms) = postSolution
		{06FEE513-E2AA-47F8-B0E3-FE9C25F349E9}.Debug|Any CPU.ActiveCfg = Debug|Any CPU
		{06FEE513-E2AA-47F8-B0E3-FE9C25F349E9}.Debug|Any CPU.Build.0 = Debug|Any CPU
		{06FEE513-E2AA-47F8-B0E3-FE9C25F349E9}.Debug|x64.ActiveCfg = Debug|Any CPU
		{06FEE513-E2AA-47F8-B0E3-FE9C25F349E9}.Debug|x64.Build.0 = Debug|Any CPU
		{06FEE513-E2AA-47F8-B0E3-FE9C25F349E9}.Debug|x86.ActiveCfg = Debug|Any CPU
		{06FEE513-E2AA-47F8-B0E3-FE9C25F349E9}.Debug|x86.Build.0 = Debug|Any CPU
		{06FEE513-E2AA-47F8-B0E3-FE9C25F349E9}.Release|Any CPU.ActiveCfg = Release|Any CPU
		{06FEE513-E2AA-47F8-B0E3-FE9C25F349E9}.Release|Any CPU.Build.0 = Release|Any CPU
		{06FEE513-E2AA-47F8-B0E3-FE9C25F349E9}.Release|x64.ActiveCfg = Release|Any CPU
		{06FEE513-E2AA-47F8-B0E3-FE9C25F349E9}.Release|x64.Build.0 = Release|Any CPU
		{06FEE513-E2AA-47F8-B0E3-FE9C25F349E9}.Release|x86.ActiveCfg = Release|Any CPU
		{06FEE513-E2AA-47F8-B0E3-FE9C25F349E9}.Release|x86.Build.0 = Release|Any CPU
		{6EFA7A28-2EB1-491A-B230-688FAA32EBEC}.Debug|Any CPU.ActiveCfg = Debug|Any CPU
		{6EFA7A28-2EB1-491A-B230-688FAA32EBEC}.Debug|Any CPU.Build.0 = Debug|Any CPU
		{6EFA7A28-2EB1-491A-B230-688FAA32EBEC}.Debug|x64.ActiveCfg = Debug|Any CPU
		{6EFA7A28-2EB1-491A-B230-688FAA32EBEC}.Debug|x64.Build.0 = Debug|Any CPU
		{6EFA7A28-2EB1-491A-B230-688FAA32EBEC}.Debug|x86.ActiveCfg = Debug|Any CPU
		{6EFA7A28-2EB1-491A-B230-688FAA32EBEC}.Debug|x86.Build.0 = Debug|Any CPU
		{6EFA7A28-2EB1-491A-B230-688FAA32EBEC}.Release|Any CPU.ActiveCfg = Release|Any CPU
		{6EFA7A28-2EB1-491A-B230-688FAA32EBEC}.Release|Any CPU.Build.0 = Release|Any CPU
		{6EFA7A28-2EB1-491A-B230-688FAA32EBEC}.Release|x64.ActiveCfg = Release|Any CPU
		{6EFA7A28-2EB1-491A-B230-688FAA32EBEC}.Release|x64.Build.0 = Release|Any CPU
		{6EFA7A28-2EB1-491A-B230-688FAA32EBEC}.Release|x86.ActiveCfg = Release|Any CPU
		{6EFA7A28-2EB1-491A-B230-688FAA32EBEC}.Release|x86.Build.0 = Release|Any CPU
	EndGlobalSection
EndGlobal
